// !$*UTF8*$!
{
	archiveVersion = 1;
	classes = {
	};
	objectVersion = 46;
	objects = {

/* Begin PBXBuildFile section */
		CC684020A6E6EBFA62417673 /* Assets.xcassets in Resources */ = {isa = PBXBuildFile; fileRef = CC684747A3006BCB0213B7D3 /* Assets.xcassets */; };
		CC68418165B892440D93F509 /* LaunchScreen.storyboard in Resources */ = {isa = PBXBuildFile; fileRef = CC68496271A19035AD92139F /* LaunchScreen.storyboard */; };
		CC68428C4B0F731E9C48BF26 /* Main.storyboard in Resources */ = {isa = PBXBuildFile; fileRef = CC684052AB36041002215973 /* Main.storyboard */; };
		CC68429D6DECA8A18BF7271F /* ViewController.m in Sources */ = {isa = PBXBuildFile; fileRef = CC684AB449CB793184248C9C /* ViewController.m */; };
		CC6843E84A3F1B889A9C3BF0 /* StringSumTest.m in Sources */ = {isa = PBXBuildFile; fileRef = CC68435DD95838575549E18D /* StringSumTest.m */; };
		CC68442D2D2D219B41579808 /* StringSum.mm in Sources */ = {isa = PBXBuildFile; fileRef = CC684ECE735ACF6552A02259 /* StringSum.mm */; };
		CC684452861F51E4117F5312 /* StringSum.mm in Sources */ = {isa = PBXBuildFile; fileRef = CC684ECE735ACF6552A02259 /* StringSum.mm */; };
		CC684624C2E49D4DC6F773AB /* AppDelegate.m in Sources */ = {isa = PBXBuildFile; fileRef = CC6842A0FEF2E5B776351946 /* AppDelegate.m */; };
		CC684A60C320077D7998C17E /* main.m in Sources */ = {isa = PBXBuildFile; fileRef = CC6840D2559F1BE19A69D48F /* main.m */; };
		CC684BF8774CEE46205E78B8 /* Info.plist in Resources */ = {isa = PBXBuildFile; fileRef = CC684B9784C3EC37A075FEF3 /* Info.plist */; };
		CC684C4AE7D2C40F473C7E7B /* Info.plist in Resources */ = {isa = PBXBuildFile; fileRef = CC684D011D56E3F3DD22D431 /* Info.plist */; };
		CC684D45D8E99F70AA2A9B04 /* main.m in Sources */ = {isa = PBXBuildFile; fileRef = CC684BF1553EEF11F64FEC13 /* main.m */; };
		CC684EB01028C373372A7CA5 /* StringSum.mm in Sources */ = {isa = PBXBuildFile; fileRef = CC684ECE735ACF6552A02259 /* StringSum.mm */; };
/* End PBXBuildFile section */

/* Begin PBXCopyFilesBuildPhase section */
		CC684B4C7ADAD90A0B5930B3 /* CopyFiles */ = {
			isa = PBXCopyFilesBuildPhase;
			buildActionMask = 2147483647;
			dstPath = /usr/share/man/man1/;
			dstSubfolderSpec = 0;
			files = (
			);
			runOnlyForDeploymentPostprocessing = 1;
		};
/* End PBXCopyFilesBuildPhase section */

/* Begin PBXFileReference section */
		CC6840CF1331A62E523AAE87 /* AppDelegate.h */ = {isa = PBXFileReference; lastKnownFileType = sourcecode.c.h; path = AppDelegate.h; sourceTree = "<group>"; };
		CC6840D2559F1BE19A69D48F /* main.m */ = {isa = PBXFileReference; lastKnownFileType = sourcecode.c.objc; path = main.m; sourceTree = "<group>"; };
		CC6842A0FEF2E5B776351946 /* AppDelegate.m */ = {isa = PBXFileReference; lastKnownFileType = sourcecode.c.objc; path = AppDelegate.m; sourceTree = "<group>"; };
		CC68435DD95838575549E18D /* StringSumTest.m */ = {isa = PBXFileReference; lastKnownFileType = sourcecode.c.objc; path = StringSumTest.m; sourceTree = "<group>"; };
		CC6844678201C8FE1BE45F99 /* .gitignore */ = {isa = PBXFileReference; lastKnownFileType = file.gitignore; path = .gitignore; sourceTree = "<group>"; };
		CC684747A3006BCB0213B7D3 /* Assets.xcassets */ = {isa = PBXFileReference; lastKnownFileType = folder.assetcatalog; path = Assets.xcassets; sourceTree = "<group>"; };
		CC684A252C05435AC4B25B37 /* ViewController.h */ = {isa = PBXFileReference; lastKnownFileType = sourcecode.c.h; path = ViewController.h; sourceTree = "<group>"; };
		CC684AB449CB793184248C9C /* ViewController.m */ = {isa = PBXFileReference; lastKnownFileType = sourcecode.c.objc; path = ViewController.m; sourceTree = "<group>"; };
		CC684B9784C3EC37A075FEF3 /* Info.plist */ = {isa = PBXFileReference; lastKnownFileType = text.plist.info; path = Info.plist; sourceTree = "<group>"; };
		CC684BD8BEF5646722FF9CDB /* StringSum_UnitTests.xctest */ = {isa = PBXFileReference; explicitFileType = wrapper.cfbundle; includeInIndex = 0; path = StringSum_UnitTests.xctest; sourceTree = BUILT_PRODUCTS_DIR; };
		CC684BF1553EEF11F64FEC13 /* main.m */ = {isa = PBXFileReference; lastKnownFileType = sourcecode.c.objc; path = main.m; sourceTree = "<group>"; };
		CC684C158C20A812D58EBBDD /* StringSum_iOS.app */ = {isa = PBXFileReference; explicitFileType = wrapper.application; includeInIndex = 0; path = StringSum_iOS.app; sourceTree = BUILT_PRODUCTS_DIR; };
		CC684D011D56E3F3DD22D431 /* Info.plist */ = {isa = PBXFileReference; lastKnownFileType = text.plist.info; path = Info.plist; sourceTree = "<group>"; };
		CC684D62F7E39441A262F78D /* Base */ = {isa = PBXFileReference; lastKnownFileType = file.storyboard; name = Base; path = Base.lproj/Main.storyboard; sourceTree = "<group>"; };
		CC684DBECDF80046193B7B37 /* Base */ = {isa = PBXFileReference; lastKnownFileType = file.storyboard; name = Base; path = Base.lproj/LaunchScreen.storyboard; sourceTree = "<group>"; };
		CC684E5E812282318EBB252D /* StringSum.h */ = {isa = PBXFileReference; fileEncoding = 4; lastKnownFileType = sourcecode.c.h; path = StringSum.h; sourceTree = "<group>"; };
		CC684E968F790D9C0F961C0F /* StringSum_macOS */ = {isa = PBXFileReference; explicitFileType = "compiled.mach-o.executable"; includeInIndex = 0; path = StringSum_macOS; sourceTree = BUILT_PRODUCTS_DIR; };
		CC684ECE735ACF6552A02259 /* StringSum.mm */ = {isa = PBXFileReference; fileEncoding = 4; lastKnownFileType = sourcecode.cpp.objcpp; path = StringSum.mm; sourceTree = "<group>"; };
/* End PBXFileReference section */

/* Begin PBXFrameworksBuildPhase section */
		CC684215DE7774001F695803 /* Frameworks */ = {
			isa = PBXFrameworksBuildPhase;
			buildActionMask = 2147483647;
			files = (
			);
			runOnlyForDeploymentPostprocessing = 0;
		};
		CC6845E41E00BF7323D1FB7A /* Frameworks */ = {
			isa = PBXFrameworksBuildPhase;
			buildActionMask = 2147483647;
			files = (
			);
			runOnlyForDeploymentPostprocessing = 0;
		};
		CC6847B69A8AE7439F88271C /* Frameworks */ = {
			isa = PBXFrameworksBuildPhase;
			buildActionMask = 2147483647;
			files = (
			);
			runOnlyForDeploymentPostprocessing = 0;
		};
/* End PBXFrameworksBuildPhase section */

/* Begin PBXGroup section */
		CC684167BB3E991F581AB959 /* Supporting Files */ = {
			isa = PBXGroup;
			children = (
				CC6840D2559F1BE19A69D48F /* main.m */,
			);
			name = "Supporting Files";
			sourceTree = "<group>";
		};
		CC684378428B4273846B93B7 /* StringSum_macOS */ = {
			isa = PBXGroup;
			children = (
				CC684BF1553EEF11F64FEC13 /* main.m */,
			);
			path = StringSum_macOS;
			sourceTree = "<group>";
		};
		CC6844F8F1A261BD374C5F88 /* StringSum_iOS */ = {
			isa = PBXGroup;
			children = (
				CC684D011D56E3F3DD22D431 /* Info.plist */,
				CC684747A3006BCB0213B7D3 /* Assets.xcassets */,
				CC68496271A19035AD92139F /* LaunchScreen.storyboard */,
				CC684167BB3E991F581AB959 /* Supporting Files */,
				CC6840CF1331A62E523AAE87 /* AppDelegate.h */,
				CC6842A0FEF2E5B776351946 /* AppDelegate.m */,
				CC684052AB36041002215973 /* Main.storyboard */,
				CC684A252C05435AC4B25B37 /* ViewController.h */,
				CC684AB449CB793184248C9C /* ViewController.m */,
			);
			path = StringSum_iOS;
			sourceTree = "<group>";
		};
		CC684649B4097A4AB1ED3124 /* StringSum_UnitTests */ = {
			isa = PBXGroup;
			children = (
				CC684B9784C3EC37A075FEF3 /* Info.plist */,
				CC68435DD95838575549E18D /* StringSumTest.m */,
			);
			path = StringSum_UnitTests;
			sourceTree = "<group>";
		};
		CC68485C011EC743AEE97824 /* Products */ = {
			isa = PBXGroup;
			children = (
				CC684E968F790D9C0F961C0F /* StringSum_macOS */,
				CC684C158C20A812D58EBBDD /* StringSum_iOS.app */,
				CC684BD8BEF5646722FF9CDB /* StringSum_UnitTests.xctest */,
			);
			name = Products;
			sourceTree = "<group>";
		};
		CC684CE3B05DEA797FFFABD8 = {
			isa = PBXGroup;
			children = (
				CC68485C011EC743AEE97824 /* Products */,
				CC6844678201C8FE1BE45F99 /* .gitignore */,
				CC684378428B4273846B93B7 /* StringSum_macOS */,
				CC6844F8F1A261BD374C5F88 /* StringSum_iOS */,
				CC684E35BFB14AFDD5539D6C /* StringSum */,
				CC684649B4097A4AB1ED3124 /* StringSum_UnitTests */,
			);
			sourceTree = "<group>";
		};
		CC684E35BFB14AFDD5539D6C /* StringSum */ = {
			isa = PBXGroup;
			children = (
				CC684ECE735ACF6552A02259 /* StringSum.mm */,
				CC684E5E812282318EBB252D /* StringSum.h */,
			);
			path = StringSum;
			sourceTree = "<group>";
		};
/* End PBXGroup section */

/* Begin PBXNativeTarget section */
		CC6843CD04138E3AC745D88C /* StringSum_iOS */ = {
			isa = PBXNativeTarget;
			buildConfigurationList = CC684C90C3B614D0D87DDC9B /* Build configuration list for PBXNativeTarget "StringSum_iOS" */;
			buildPhases = (
				CC68492FCE0EB4B2FE3679C8 /* Sources */,
				CC684215DE7774001F695803 /* Frameworks */,
				CC6848BD0B5314D046F873B0 /* Resources */,
			);
			buildRules = (
			);
			dependencies = (
			);
			name = StringSum_iOS;
			productName = StringSum_iOS;
			productReference = CC684C158C20A812D58EBBDD /* StringSum_iOS.app */;
			productType = "com.apple.product-type.application";
		};
		CC684863C874C9BB20788389 /* StringSum_macOS */ = {
			isa = PBXNativeTarget;
			buildConfigurationList = CC684C22136DDB2EB79D1DF6 /* Build configuration list for PBXNativeTarget "StringSum_macOS" */;
			buildPhases = (
				CC6846B9164AB5458640B5CF /* Sources */,
				CC6845E41E00BF7323D1FB7A /* Frameworks */,
				CC684B4C7ADAD90A0B5930B3 /* CopyFiles */,
			);
			buildRules = (
			);
			dependencies = (
			);
			name = StringSum_macOS;
			productName = StringSum_macOS;
			productReference = CC684E968F790D9C0F961C0F /* StringSum_macOS */;
			productType = "com.apple.product-type.tool";
		};
		CC6848C71153E492310EF61F /* StringSum_UnitTests */ = {
			isa = PBXNativeTarget;
			buildConfigurationList = CC684E25D1CD47DDF124BC38 /* Build configuration list for PBXNativeTarget "StringSum_UnitTests" */;
			buildPhases = (
				CC684D5D570CDB6CDC16141A /* Sources */,
				CC6847B69A8AE7439F88271C /* Frameworks */,
				CC6848D8F8C9D1F86E189623 /* Resources */,
			);
			buildRules = (
			);
			dependencies = (
			);
			name = StringSum_UnitTests;
			productName = StringSum_UnitTests;
			productReference = CC684BD8BEF5646722FF9CDB /* StringSum_UnitTests.xctest */;
			productType = "com.apple.product-type.bundle.unit-test";
		};
/* End PBXNativeTarget section */

/* Begin PBXProject section */
		CC6846FD7DAE3D724E92DE75 /* Project object */ = {
			isa = PBXProject;
			attributes = {
				ORGANIZATIONNAME = "Tommaso Resti";
			};
			buildConfigurationList = CC684B6854DF96CB752EDB40 /* Build configuration list for PBXProject "StringSum" */;
			compatibilityVersion = "Xcode 3.2";
			developmentRegion = English;
			hasScannedForEncodings = 0;
			knownRegions = (
				en,
			);
			mainGroup = CC684CE3B05DEA797FFFABD8;
			productRefGroup = CC68485C011EC743AEE97824 /* Products */;
			projectDirPath = "";
			projectRoot = "";
			targets = (
				CC684863C874C9BB20788389 /* StringSum_macOS */,
				CC6843CD04138E3AC745D88C /* StringSum_iOS */,
				CC6848C71153E492310EF61F /* StringSum_UnitTests */,
			);
		};
/* End PBXProject section */

/* Begin PBXResourcesBuildPhase section */
		CC6848BD0B5314D046F873B0 /* Resources */ = {
			isa = PBXResourcesBuildPhase;
			buildActionMask = 2147483647;
			files = (
				CC684C4AE7D2C40F473C7E7B /* Info.plist in Resources */,
				CC684020A6E6EBFA62417673 /* Assets.xcassets in Resources */,
				CC68418165B892440D93F509 /* LaunchScreen.storyboard in Resources */,
				CC68428C4B0F731E9C48BF26 /* Main.storyboard in Resources */,
			);
			runOnlyForDeploymentPostprocessing = 0;
		};
		CC6848D8F8C9D1F86E189623 /* Resources */ = {
			isa = PBXResourcesBuildPhase;
			buildActionMask = 2147483647;
			files = (
				CC684BF8774CEE46205E78B8 /* Info.plist in Resources */,
			);
			runOnlyForDeploymentPostprocessing = 0;
		};
/* End PBXResourcesBuildPhase section */

/* Begin PBXSourcesBuildPhase section */
		CC6846B9164AB5458640B5CF /* Sources */ = {
			isa = PBXSourcesBuildPhase;
			buildActionMask = 2147483647;
			files = (
				CC684D45D8E99F70AA2A9B04 /* main.m in Sources */,
				CC684452861F51E4117F5312 /* StringSum.mm in Sources */,
			);
			runOnlyForDeploymentPostprocessing = 0;
		};
		CC68492FCE0EB4B2FE3679C8 /* Sources */ = {
			isa = PBXSourcesBuildPhase;
			buildActionMask = 2147483647;
			files = (
				CC684A60C320077D7998C17E /* main.m in Sources */,
				CC684624C2E49D4DC6F773AB /* AppDelegate.m in Sources */,
				CC68429D6DECA8A18BF7271F /* ViewController.m in Sources */,
				CC684EB01028C373372A7CA5 /* StringSum.mm in Sources */,
			);
			runOnlyForDeploymentPostprocessing = 0;
		};
		CC684D5D570CDB6CDC16141A /* Sources */ = {
			isa = PBXSourcesBuildPhase;
			buildActionMask = 2147483647;
			files = (
				CC6843E84A3F1B889A9C3BF0 /* StringSumTest.m in Sources */,
				CC68442D2D2D219B41579808 /* StringSum.mm in Sources */,
			);
			runOnlyForDeploymentPostprocessing = 0;
		};
/* End PBXSourcesBuildPhase section */

/* Begin PBXVariantGroup section */
		CC684052AB36041002215973 /* Main.storyboard */ = {
			isa = PBXVariantGroup;
			children = (
				CC684D62F7E39441A262F78D /* Base */,
			);
			name = Main.storyboard;
			sourceTree = "<group>";
		};
		CC68496271A19035AD92139F /* LaunchScreen.storyboard */ = {
			isa = PBXVariantGroup;
			children = (
				CC684DBECDF80046193B7B37 /* Base */,
			);
			name = LaunchScreen.storyboard;
			sourceTree = "<group>";
		};
/* End PBXVariantGroup section */

/* Begin XCBuildConfiguration section */
		CC68402AB1F58DBB9C8EB50C /* Release */ = {
			isa = XCBuildConfiguration;
			buildSettings = {
				ALWAYS_SEARCH_USER_PATHS = NO;
				ASSETCATALOG_COMPILER_APPICON_NAME = AppIcon;
				CLANG_ANALYZER_NONNULL = YES;
				CLANG_CXX_LANGUAGE_STANDARD = "gnu++0x";
				CLANG_CXX_LIBRARY = "libc++";
				CLANG_ENABLE_MODULES = YES;
				CLANG_ENABLE_OBJC_ARC = YES;
				CLANG_WARN_BOOL_CONVERSION = YES;
				CLANG_WARN_CONSTANT_CONVERSION = YES;
				CLANG_WARN_DIRECT_OBJC_ISA_USAGE = YES_ERROR;
				CLANG_WARN_DOCUMENTATION_COMMENTS = YES;
				CLANG_WARN_EMPTY_BODY = YES;
				CLANG_WARN_ENUM_CONVERSION = YES;
				CLANG_WARN_INFINITE_RECURSION = YES;
				CLANG_WARN_INT_CONVERSION = YES;
				CLANG_WARN_OBJC_ROOT_CLASS = YES_ERROR;
				CLANG_WARN_SUSPICIOUS_MOVES = YES;
				CLANG_WARN_UNREACHABLE_CODE = YES;
				CLANG_WARN__DUPLICATE_METHOD_MATCH = YES;
				"CODE_SIGN_IDENTITY[sdk=iphoneos*]" = "iPhone Developer";
				COPY_PHASE_STRIP = NO;
				DEBUG_INFORMATION_FORMAT = "dwarf-with-dsym";
				ENABLE_NS_ASSERTIONS = NO;
				ENABLE_STRICT_OBJC_MSGSEND = YES;
				GCC_C_LANGUAGE_STANDARD = gnu99;
				GCC_NO_COMMON_BLOCKS = YES;
				GCC_WARN_64_TO_32_BIT_CONVERSION = YES;
				GCC_WARN_ABOUT_RETURN_TYPE = YES_ERROR;
				GCC_WARN_UNDECLARED_SELECTOR = YES;
				GCC_WARN_UNINITIALIZED_AUTOS = YES_AGGRESSIVE;
				GCC_WARN_UNUSED_FUNCTION = YES;
				GCC_WARN_UNUSED_VARIABLE = YES;
				INFOPLIST_FILE = StringSum_iOS/Info.plist;
				IPHONEOS_DEPLOYMENT_TARGET = 10.0;
				LD_RUNPATH_SEARCH_PATHS = "$(inherited) @executable_path/Frameworks";
				MTL_ENABLE_DEBUG_INFO = NO;
				PRODUCT_BUNDLE_IDENTIFIER = "it.tommasoresti.StringSum-iOS";
				PRODUCT_NAME = "$(TARGET_NAME)";
				SDKROOT = iphoneos;
				TARGETED_DEVICE_FAMILY = "1,2";
				VALIDATE_PRODUCT = YES;
			};
			name = Release;
		};
		CC684119B383AC3EEA327CE3 /* Debug */ = {
			isa = XCBuildConfiguration;
			buildSettings = {
				ALWAYS_SEARCH_USER_PATHS = NO;
				ASSETCATALOG_COMPILER_APPICON_NAME = AppIcon;
				CLANG_ANALYZER_NONNULL = YES;
				CLANG_CXX_LANGUAGE_STANDARD = "gnu++0x";
				CLANG_CXX_LIBRARY = "libc++";
				CLANG_ENABLE_MODULES = YES;
				CLANG_ENABLE_OBJC_ARC = YES;
				CLANG_WARN_BOOL_CONVERSION = YES;
				CLANG_WARN_CONSTANT_CONVERSION = YES;
				CLANG_WARN_DIRECT_OBJC_ISA_USAGE = YES_ERROR;
				CLANG_WARN_DOCUMENTATION_COMMENTS = YES;
				CLANG_WARN_EMPTY_BODY = YES;
				CLANG_WARN_ENUM_CONVERSION = YES;
				CLANG_WARN_INFINITE_RECURSION = YES;
				CLANG_WARN_INT_CONVERSION = YES;
				CLANG_WARN_OBJC_ROOT_CLASS = YES_ERROR;
				CLANG_WARN_SUSPICIOUS_MOVES = YES;
				CLANG_WARN_UNREACHABLE_CODE = YES;
				CLANG_WARN__DUPLICATE_METHOD_MATCH = YES;
				"CODE_SIGN_IDENTITY[sdk=iphoneos*]" = "iPhone Developer";
				COPY_PHASE_STRIP = NO;
				DEBUG_INFORMATION_FORMAT = dwarf;
				ENABLE_STRICT_OBJC_MSGSEND = YES;
				ENABLE_TESTABILITY = YES;
				GCC_C_LANGUAGE_STANDARD = gnu99;
				GCC_DYNAMIC_NO_PIC = NO;
				GCC_NO_COMMON_BLOCKS = YES;
				GCC_OPTIMIZATION_LEVEL = 0;
				GCC_PREPROCESSOR_DEFINITIONS = (
					"DEBUG=1",
					"$(inherited)",
				);
				GCC_WARN_64_TO_32_BIT_CONVERSION = YES;
				GCC_WARN_ABOUT_RETURN_TYPE = YES_ERROR;
				GCC_WARN_UNDECLARED_SELECTOR = YES;
				GCC_WARN_UNINITIALIZED_AUTOS = YES_AGGRESSIVE;
				GCC_WARN_UNUSED_FUNCTION = YES;
				GCC_WARN_UNUSED_VARIABLE = YES;
				INFOPLIST_FILE = StringSum_iOS/Info.plist;
				IPHONEOS_DEPLOYMENT_TARGET = 10.0;
				LD_RUNPATH_SEARCH_PATHS = "$(inherited) @executable_path/Frameworks";
				MTL_ENABLE_DEBUG_INFO = YES;
				ONLY_ACTIVE_ARCH = YES;
				PRODUCT_BUNDLE_IDENTIFIER = "it.tommasoresti.StringSum-iOS";
				PRODUCT_NAME = "$(TARGET_NAME)";
				SDKROOT = iphoneos;
				TARGETED_DEVICE_FAMILY = "1,2";
			};
			name = Debug;
		};
		CC68449C0E4D0C0153FDC5F7 /* Debug */ = {
			isa = XCBuildConfiguration;
			buildSettings = {
				ALWAYS_SEARCH_USER_PATHS = NO;
				CLANG_ANALYZER_NONNULL = YES;
				CLANG_CXX_LANGUAGE_STANDARD = "gnu++0x";
				CLANG_CXX_LIBRARY = "libc++";
				CLANG_ENABLE_MODULES = YES;
				CLANG_ENABLE_OBJC_ARC = YES;
				CLANG_WARN_BOOL_CONVERSION = YES;
				CLANG_WARN_CONSTANT_CONVERSION = YES;
				CLANG_WARN_DIRECT_OBJC_ISA_USAGE = YES_ERROR;
				CLANG_WARN_DOCUMENTATION_COMMENTS = YES;
				CLANG_WARN_EMPTY_BODY = YES;
				CLANG_WARN_ENUM_CONVERSION = YES;
				CLANG_WARN_INFINITE_RECURSION = YES;
				CLANG_WARN_INT_CONVERSION = YES;
				CLANG_WARN_OBJC_ROOT_CLASS = YES_ERROR;
				CLANG_WARN_SUSPICIOUS_MOVES = YES;
				CLANG_WARN_UNREACHABLE_CODE = YES;
				CLANG_WARN__DUPLICATE_METHOD_MATCH = YES;
				CODE_SIGN_IDENTITY = "-";
				COPY_PHASE_STRIP = NO;
				DEBUG_INFORMATION_FORMAT = dwarf;
				ENABLE_STRICT_OBJC_MSGSEND = YES;
				ENABLE_TESTABILITY = YES;
				GCC_C_LANGUAGE_STANDARD = gnu99;
				GCC_DYNAMIC_NO_PIC = NO;
				GCC_NO_COMMON_BLOCKS = YES;
				GCC_OPTIMIZATION_LEVEL = 0;
				GCC_PREPROCESSOR_DEFINITIONS = (
					"DEBUG=1",
					"$(inherited)",
				);
				GCC_WARN_64_TO_32_BIT_CONVERSION = YES;
				GCC_WARN_ABOUT_RETURN_TYPE = YES_ERROR;
				GCC_WARN_UNDECLARED_SELECTOR = YES;
				GCC_WARN_UNINITIALIZED_AUTOS = YES_AGGRESSIVE;
				GCC_WARN_UNUSED_FUNCTION = YES;
				GCC_WARN_UNUSED_VARIABLE = YES;
				MACOSX_DEPLOYMENT_TARGET = 10.11;
				MTL_ENABLE_DEBUG_INFO = YES;
				ONLY_ACTIVE_ARCH = YES;
				SDKROOT = macosx;
			};
			name = Debug;
		};
		CC684586D40E64FF5FD55BFF /* Release */ = {
			isa = XCBuildConfiguration;
			buildSettings = {
				ALWAYS_SEARCH_USER_PATHS = NO;
				CLANG_ANALYZER_NONNULL = YES;
				CLANG_CXX_LANGUAGE_STANDARD = "gnu++0x";
				CLANG_CXX_LIBRARY = "libc++";
				CLANG_ENABLE_MODULES = YES;
				CLANG_ENABLE_OBJC_ARC = YES;
				CLANG_WARN_BOOL_CONVERSION = YES;
				CLANG_WARN_CONSTANT_CONVERSION = YES;
				CLANG_WARN_DIRECT_OBJC_ISA_USAGE = YES_ERROR;
				CLANG_WARN_DOCUMENTATION_COMMENTS = YES;
				CLANG_WARN_EMPTY_BODY = YES;
				CLANG_WARN_ENUM_CONVERSION = YES;
				CLANG_WARN_INFINITE_RECURSION = YES;
				CLANG_WARN_INT_CONVERSION = YES;
				CLANG_WARN_OBJC_ROOT_CLASS = YES_ERROR;
				CLANG_WARN_SUSPICIOUS_MOVES = YES;
				CLANG_WARN_UNREACHABLE_CODE = YES;
				CLANG_WARN__DUPLICATE_METHOD_MATCH = YES;
				CODE_SIGN_IDENTITY = "-";
				COPY_PHASE_STRIP = NO;
				DEBUG_INFORMATION_FORMAT = "dwarf-with-dsym";
				ENABLE_NS_ASSERTIONS = NO;
				ENABLE_STRICT_OBJC_MSGSEND = YES;
				GCC_C_LANGUAGE_STANDARD = gnu99;
				GCC_NO_COMMON_BLOCKS = YES;
				GCC_WARN_64_TO_32_BIT_CONVERSION = YES;
				GCC_WARN_ABOUT_RETURN_TYPE = YES_ERROR;
				GCC_WARN_UNDECLARED_SELECTOR = YES;
				GCC_WARN_UNINITIALIZED_AUTOS = YES_AGGRESSIVE;
				GCC_WARN_UNUSED_FUNCTION = YES;
				GCC_WARN_UNUSED_VARIABLE = YES;
				MACOSX_DEPLOYMENT_TARGET = 10.11;
				MTL_ENABLE_DEBUG_INFO = NO;
				SDKROOT = macosx;
			};
			name = Release;
		};
		CC68472D484FD29A2C4BD236 /* Release */ = {
			isa = XCBuildConfiguration;
			buildSettings = {
				ALWAYS_SEARCH_USER_PATHS = NO;
				CLANG_ANALYZER_NONNULL = YES;
				CLANG_CXX_LANGUAGE_STANDARD = "gnu++0x";
				CLANG_CXX_LIBRARY = "libc++";
				CLANG_ENABLE_MODULES = YES;
				CLANG_ENABLE_OBJC_ARC = YES;
				CLANG_WARN_BOOL_CONVERSION = YES;
				CLANG_WARN_CONSTANT_CONVERSION = YES;
				CLANG_WARN_DIRECT_OBJC_ISA_USAGE = YES_ERROR;
				CLANG_WARN_DOCUMENTATION_COMMENTS = YES;
				CLANG_WARN_EMPTY_BODY = YES;
				CLANG_WARN_ENUM_CONVERSION = YES;
				CLANG_WARN_INFINITE_RECURSION = YES;
				CLANG_WARN_INT_CONVERSION = YES;
				CLANG_WARN_OBJC_ROOT_CLASS = YES_ERROR;
				CLANG_WARN_SUSPICIOUS_MOVES = YES;
				CLANG_WARN_UNREACHABLE_CODE = YES;
				CLANG_WARN__DUPLICATE_METHOD_MATCH = YES;
				CODE_SIGN_IDENTITY = "-";
				COPY_PHASE_STRIP = NO;
				DEBUG_INFORMATION_FORMAT = "dwarf-with-dsym";
				ENABLE_NS_ASSERTIONS = NO;
				ENABLE_STRICT_OBJC_MSGSEND = YES;
				GCC_C_LANGUAGE_STANDARD = gnu99;
				GCC_NO_COMMON_BLOCKS = YES;
				GCC_WARN_64_TO_32_BIT_CONVERSION = YES;
				GCC_WARN_ABOUT_RETURN_TYPE = YES_ERROR;
				GCC_WARN_UNDECLARED_SELECTOR = YES;
				GCC_WARN_UNINITIALIZED_AUTOS = YES_AGGRESSIVE;
				GCC_WARN_UNUSED_FUNCTION = YES;
				GCC_WARN_UNUSED_VARIABLE = YES;
				MACOSX_DEPLOYMENT_TARGET = 10.11;
				MTL_ENABLE_DEBUG_INFO = NO;
				PRODUCT_NAME = "$(TARGET_NAME)";
				SDKROOT = macosx;
			};
			name = Release;
		};
		CC68488264C8DC9F02385961 /* Debug */ = {
			isa = XCBuildConfiguration;
			buildSettings = {
				ALWAYS_SEARCH_USER_PATHS = NO;
				CLANG_ANALYZER_NONNULL = YES;
				CLANG_CXX_LANGUAGE_STANDARD = "gnu++0x";
				CLANG_CXX_LIBRARY = "libc++";
				CLANG_ENABLE_MODULES = YES;
				CLANG_ENABLE_OBJC_ARC = YES;
				CLANG_WARN_BOOL_CONVERSION = YES;
				CLANG_WARN_CONSTANT_CONVERSION = YES;
				CLANG_WARN_DIRECT_OBJC_ISA_USAGE = YES_ERROR;
				CLANG_WARN_DOCUMENTATION_COMMENTS = YES;
				CLANG_WARN_EMPTY_BODY = YES;
				CLANG_WARN_ENUM_CONVERSION = YES;
				CLANG_WARN_INFINITE_RECURSION = YES;
				CLANG_WARN_INT_CONVERSION = YES;
				CLANG_WARN_OBJC_ROOT_CLASS = YES_ERROR;
				CLANG_WARN_SUSPICIOUS_MOVES = YES;
				CLANG_WARN_UNREACHABLE_CODE = YES;
				CLANG_WARN__DUPLICATE_METHOD_MATCH = YES;
				CODE_SIGN_IDENTITY = "-";
				COPY_PHASE_STRIP = NO;
				DEBUG_INFORMATION_FORMAT = dwarf;
				ENABLE_STRICT_OBJC_MSGSEND = YES;
				ENABLE_TESTABILITY = YES;
				GCC_C_LANGUAGE_STANDARD = gnu99;
				GCC_DYNAMIC_NO_PIC = NO;
				GCC_NO_COMMON_BLOCKS = YES;
				GCC_OPTIMIZATION_LEVEL = 0;
				GCC_PREPROCESSOR_DEFINITIONS = (
					"DEBUG=1",
					"$(inherited)",
				);
				GCC_WARN_64_TO_32_BIT_CONVERSION = YES;
				GCC_WARN_ABOUT_RETURN_TYPE = YES_ERROR;
				GCC_WARN_UNDECLARED_SELECTOR = YES;
				GCC_WARN_UNINITIALIZED_AUTOS = YES_AGGRESSIVE;
				GCC_WARN_UNUSED_FUNCTION = YES;
				GCC_WARN_UNUSED_VARIABLE = YES;
				MACOSX_DEPLOYMENT_TARGET = 10.11;
				MTL_ENABLE_DEBUG_INFO = YES;
				ONLY_ACTIVE_ARCH = YES;
				PRODUCT_NAME = "$(TARGET_NAME)";
				SDKROOT = macosx;
			};
			name = Debug;
		};
		CC684ACFAC9787421888F7E8 /* Release */ = {
			isa = XCBuildConfiguration;
			buildSettings = {
				ALWAYS_SEARCH_USER_PATHS = NO;
				CLANG_ANALYZER_NONNULL = YES;
				CLANG_CXX_LANGUAGE_STANDARD = "gnu++0x";
				CLANG_CXX_LIBRARY = "libc++";
				CLANG_ENABLE_MODULES = YES;
				CLANG_ENABLE_OBJC_ARC = YES;
				CLANG_WARN_BOOL_CONVERSION = YES;
				CLANG_WARN_CONSTANT_CONVERSION = YES;
				CLANG_WARN_DIRECT_OBJC_ISA_USAGE = YES_ERROR;
				CLANG_WARN_DOCUMENTATION_COMMENTS = YES;
				CLANG_WARN_EMPTY_BODY = YES;
				CLANG_WARN_ENUM_CONVERSION = YES;
				CLANG_WARN_INFINITE_RECURSION = YES;
				CLANG_WARN_INT_CONVERSION = YES;
				CLANG_WARN_OBJC_ROOT_CLASS = YES_ERROR;
				CLANG_WARN_SUSPICIOUS_MOVES = YES;
				CLANG_WARN_UNREACHABLE_CODE = YES;
				CLANG_WARN__DUPLICATE_METHOD_MATCH = YES;
				CODE_SIGN_IDENTITY = "-";
				COMBINE_HIDPI_IMAGES = YES;
				COPY_PHASE_STRIP = NO;
				DEBUG_INFORMATION_FORMAT = "dwarf-with-dsym";
				ENABLE_NS_ASSERTIONS = NO;
				ENABLE_STRICT_OBJC_MSGSEND = YES;
				GCC_C_LANGUAGE_STANDARD = gnu99;
				GCC_NO_COMMON_BLOCKS = YES;
				GCC_WARN_64_TO_32_BIT_CONVERSION = YES;
				GCC_WARN_ABOUT_RETURN_TYPE = YES_ERROR;
				GCC_WARN_UNDECLARED_SELECTOR = YES;
				GCC_WARN_UNINITIALIZED_AUTOS = YES_AGGRESSIVE;
				GCC_WARN_UNUSED_FUNCTION = YES;
				GCC_WARN_UNUSED_VARIABLE = YES;
				INFOPLIST_FILE = StringSum_UnitTests/Info.plist;
				LD_RUNPATH_SEARCH_PATHS = "$(inherited) @executable_path/../Frameworks @loader_path/../Frameworks";
				MACOSX_DEPLOYMENT_TARGET = 10.11;
				MTL_ENABLE_DEBUG_INFO = NO;
				PRODUCT_BUNDLE_IDENTIFIER = "it.tommasoresti.StringSum-UnitTests";
				PRODUCT_NAME = "$(TARGET_NAME)";
				SDKROOT = macosx;
			};
			name = Release;
		};
		CC684D9F07F6128C3A0A6820 /* Debug */ = {
			isa = XCBuildConfiguration;
			buildSettings = {
				ALWAYS_SEARCH_USER_PATHS = NO;
				CLANG_ANALYZER_NONNULL = YES;
				CLANG_CXX_LANGUAGE_STANDARD = "gnu++0x";
				CLANG_CXX_LIBRARY = "libc++";
				CLANG_ENABLE_MODULES = YES;
				CLANG_ENABLE_OBJC_ARC = YES;
				CLANG_WARN_BOOL_CONVERSION = YES;
				CLANG_WARN_CONSTANT_CONVERSION = YES;
				CLANG_WARN_DIRECT_OBJC_ISA_USAGE = YES_ERROR;
				CLANG_WARN_DOCUMENTATION_COMMENTS = YES;
				CLANG_WARN_EMPTY_BODY = YES;
				CLANG_WARN_ENUM_CONVERSION = YES;
				CLANG_WARN_INFINITE_RECURSION = YES;
				CLANG_WARN_INT_CONVERSION = YES;
				CLANG_WARN_OBJC_ROOT_CLASS = YES_ERROR;
				CLANG_WARN_SUSPICIOUS_MOVES = YES;
				CLANG_WARN_UNREACHABLE_CODE = YES;
				CLANG_WARN__DUPLICATE_METHOD_MATCH = YES;
				CODE_SIGN_IDENTITY = "-";
				COMBINE_HIDPI_IMAGES = YES;
				COPY_PHASE_STRIP = NO;
				DEBUG_INFORMATION_FORMAT = dwarf;
				ENABLE_STRICT_OBJC_MSGSEND = YES;
				ENABLE_TESTABILITY = YES;
				GCC_C_LANGUAGE_STANDARD = gnu99;
				GCC_DYNAMIC_NO_PIC = NO;
				GCC_NO_COMMON_BLOCKS = YES;
				GCC_OPTIMIZATION_LEVEL = 0;
				GCC_PREPROCESSOR_DEFINITIONS = (
					"DEBUG=1",
					"$(inherited)",
				);
				GCC_WARN_64_TO_32_BIT_CONVERSION = YES;
				GCC_WARN_ABOUT_RETURN_TYPE = YES_ERROR;
				GCC_WARN_UNDECLARED_SELECTOR = YES;
				GCC_WARN_UNINITIALIZED_AUTOS = YES_AGGRESSIVE;
				GCC_WARN_UNUSED_FUNCTION = YES;
				GCC_WARN_UNUSED_VARIABLE = YES;
				INFOPLIST_FILE = StringSum_UnitTests/Info.plist;
				LD_RUNPATH_SEARCH_PATHS = "$(inherited) @executable_path/../Frameworks @loader_path/../Frameworks";
				MACOSX_DEPLOYMENT_TARGET = 10.11;
				MTL_ENABLE_DEBUG_INFO = YES;
				ONLY_ACTIVE_ARCH = YES;
				PRODUCT_BUNDLE_IDENTIFIER = "it.tommasoresti.StringSum-UnitTests";
				PRODUCT_NAME = "$(TARGET_NAME)";
				SDKROOT = macosx;
			};
			name = Debug;
		};
/* End XCBuildConfiguration section */

/* Begin XCConfigurationList section */
		CC684B6854DF96CB752EDB40 /* Build configuration list for PBXProject "StringSum" */ = {
			isa = XCConfigurationList;
			buildConfigurations = (
				CC68449C0E4D0C0153FDC5F7 /* Debug */,
				CC684586D40E64FF5FD55BFF /* Release */,
			);
			defaultConfigurationIsVisible = 0;
			defaultConfigurationName = Release;
		};
		CC684C22136DDB2EB79D1DF6 /* Build configuration list for PBXNativeTarget "StringSum_macOS" */ = {
			isa = XCConfigurationList;
			buildConfigurations = (
				CC68488264C8DC9F02385961 /* Debug */,
				CC68472D484FD29A2C4BD236 /* Release */,
			);
			defaultConfigurationIsVisible = 0;
		};
		CC684C90C3B614D0D87DDC9B /* Build configuration list for PBXNativeTarget "StringSum_iOS" */ = {
			isa = XCConfigurationList;
			buildConfigurations = (
				CC684119B383AC3EEA327CE3 /* Debug */,
				CC68402AB1F58DBB9C8EB50C /* Release */,
			);
			defaultConfigurationIsVisible = 0;
		};
		CC684E25D1CD47DDF124BC38 /* Build configuration list for PBXNativeTarget "StringSum_UnitTests" */ = {
			isa = XCConfigurationList;
			buildConfigurations = (
				CC684D9F07F6128C3A0A6820 /* Debug */,
				CC684ACFAC9787421888F7E8 /* Release */,
			);
			defaultConfigurationIsVisible = 0;
		};
/* End XCConfigurationList section */
	};
	rootObject = CC6846FD7DAE3D724E92DE75 /* Project object */;
}
